
Microsoft Visual Studio Solution File, Format Version 12.00
# Visual Studio Version 17
VisualStudioVersion = 17.9.34622.214
MinimumVisualStudioVersion = 10.0.40219.1
Project("{FAE04EC0-301F-11D3-BF4B-00C04F79EFBC}") = "UTAD.QuintaProtocolo.WPF", "UTAD.QuintaProtocolo.WPF\UTAD.QuintaProtocolo.WPF.csproj", "{ECE284FA-0E0D-4DAA-A8AE-C581CF8EB26C}"
EndProject
Global
	GlobalSection(SolutionConfigurationPlatforms) = preSolution
		Debug|Any CPU = Debug|Any CPU
		Release|Any CPU = Release|Any CPU
	EndGlobalSection
	GlobalSection(ProjectConfigurationPlatforms) = postSolution
		{ECE284FA-0E0D-4DAA-A8AE-C581CF8EB26C}.Debug|Any CPU.ActiveCfg = Debug|Any CPU
		{ECE284FA-0E0D-4DAA-A8AE-C581CF8EB26C}.Debug|Any CPU.Build.0 = Debug|Any CPU
		{ECE284FA-0E0D-4DAA-A8AE-C581CF8EB26C}.Release|Any CPU.ActiveCfg = Release|Any CPU
		{ECE284FA-0E0D-4DAA-A8AE-C581CF8EB26C}.Release|Any CPU.Build.0 = Release|Any CPU
	EndGlobalSection
	GlobalSection(SolutionProperties) = preSolution
		HideSolutionNode = FALSE
	EndGlobalSection
	GlobalSection(ExtensibilityGlobals) = postSolution
		SolutionGuid = {DE11DA3A-C75F-4D1D-8937-AB10BDFF83D8}
	EndGlobalSection
EndGlobal
